// !$*UTF8*$!
{
	archiveVersion = 1;
	classes = {
	};
	objectVersion = 51;
	objects = {

/* Begin PBXBuildFile section */
		0CC1784351B4C1AF5792634C /* Pods_ProximityTestTests.framework in Frameworks */ = {isa = PBXBuildFile; fileRef = 904FD8F57F59E70156990ABD /* Pods_ProximityTestTests.framework */; };
		4D2E378E271F0DC800069CBE /* AirQualityCityListCell.swift in Sources */ = {isa = PBXBuildFile; fileRef = 4D2E378D271F0DC800069CBE /* AirQualityCityListCell.swift */; };
		4D2E3793271F0E4B00069CBE /* AirQualityResposne.swift in Sources */ = {isa = PBXBuildFile; fileRef = 4D2E3792271F0E4B00069CBE /* AirQualityResposne.swift */; };
		4D2E3798271F0E7400069CBE /* AirQualityModel.swift in Sources */ = {isa = PBXBuildFile; fileRef = 4D2E3797271F0E7400069CBE /* AirQualityModel.swift */; };
		4D2E379D271F0EB900069CBE /* CityModelData.swift in Sources */ = {isa = PBXBuildFile; fileRef = 4D2E379C271F0EB900069CBE /* CityModelData.swift */; };
		4D2E37A2271F101600069CBE /* AirQualityIndexType.swift in Sources */ = {isa = PBXBuildFile; fileRef = 4D2E37A1271F101600069CBE /* AirQualityIndexType.swift */; };
		4D2E37A7271F108100069CBE /* AirQualityIndexColor.swift in Sources */ = {isa = PBXBuildFile; fileRef = 4D2E37A6271F108100069CBE /* AirQualityIndexColor.swift */; };
		4D2E37AC271F10DA00069CBE /* ColorExtension.swift in Sources */ = {isa = PBXBuildFile; fileRef = 4D2E37AB271F10DA00069CBE /* ColorExtension.swift */; };
		4D2E37B1271F146200069CBE /* Connection.swift in Sources */ = {isa = PBXBuildFile; fileRef = 4D2E37B0271F146200069CBE /* Connection.swift */; };
		4D2E37B6271F14D800069CBE /* AirQualityIndexDataProvider.swift in Sources */ = {isa = PBXBuildFile; fileRef = 4D2E37B5271F14D800069CBE /* AirQualityIndexDataProvider.swift */; };
		4D2E37BB271F162A00069CBE /* AirQualityIndexListViewModel.swift in Sources */ = {isa = PBXBuildFile; fileRef = 4D2E37BA271F162A00069CBE /* AirQualityIndexListViewModel.swift */; };
		4D45C838271EC38700D136AF /* AppDelegate.swift in Sources */ = {isa = PBXBuildFile; fileRef = 4D45C837271EC38700D136AF /* AppDelegate.swift */; };
		4D45C83A271EC38700D136AF /* SceneDelegate.swift in Sources */ = {isa = PBXBuildFile; fileRef = 4D45C839271EC38700D136AF /* SceneDelegate.swift */; };
		4D45C83C271EC38700D136AF /* AirQualityCityListVC.swift in Sources */ = {isa = PBXBuildFile; fileRef = 4D45C83B271EC38700D136AF /* AirQualityCityListVC.swift */; };
		4D45C83F271EC38700D136AF /* Main.storyboard in Resources */ = {isa = PBXBuildFile; fileRef = 4D45C83D271EC38700D136AF /* Main.storyboard */; };
		4D45C841271EC3A000D136AF /* Assets.xcassets in Resources */ = {isa = PBXBuildFile; fileRef = 4D45C840271EC3A000D136AF /* Assets.xcassets */; };
		4D45C844271EC3A000D136AF /* LaunchScreen.storyboard in Resources */ = {isa = PBXBuildFile; fileRef = 4D45C842271EC3A000D136AF /* LaunchScreen.storyboard */; };
		4D45C84F271EC3A000D136AF /* ProximityTestTests.swift in Sources */ = {isa = PBXBuildFile; fileRef = 4D45C84E271EC3A000D136AF /* ProximityTestTests.swift */; };
		4D45C85A271EC3A000D136AF /* ProximityTestUITests.swift in Sources */ = {isa = PBXBuildFile; fileRef = 4D45C859271EC3A000D136AF /* ProximityTestUITests.swift */; };
		4DBFD20F271F367E0046CBF3 /* DateExtension.swift in Sources */ = {isa = PBXBuildFile; fileRef = 4DBFD20E271F367E0046CBF3 /* DateExtension.swift */; };
		4DBFD214271F3A170046CBF3 /* AirQualityIndexGraphVC.swift in Sources */ = {isa = PBXBuildFile; fileRef = 4DBFD213271F3A170046CBF3 /* AirQualityIndexGraphVC.swift */; };
		4DBFD219271F3A7D0046CBF3 /* AirQualityIndexListDetailViewModel.swift in Sources */ = {isa = PBXBuildFile; fileRef = 4DBFD218271F3A7D0046CBF3 /* AirQualityIndexListDetailViewModel.swift */; };
		9F24A07BBA955004A6FDF648 /* Pods_ProximityTest_ProximityTestUITests.framework in Frameworks */ = {isa = PBXBuildFile; fileRef = DEDF21EF5C25CA2C8620947A /* Pods_ProximityTest_ProximityTestUITests.framework */; };
		A07CA3E61D0A89898B183A24 /* Pods_ProximityTest.framework in Frameworks */ = {isa = PBXBuildFile; fileRef = 15AF1C402316CA92C8EF0643 /* Pods_ProximityTest.framework */; };
/* End PBXBuildFile section */

/* Begin PBXContainerItemProxy section */
		4D45C84B271EC3A000D136AF /* PBXContainerItemProxy */ = {
			isa = PBXContainerItemProxy;
			containerPortal = 4D45C82C271EC38700D136AF /* Project object */;
			proxyType = 1;
			remoteGlobalIDString = 4D45C833271EC38700D136AF;
			remoteInfo = ProximityTest;
		};
		4D45C856271EC3A000D136AF /* PBXContainerItemProxy */ = {
			isa = PBXContainerItemProxy;
			containerPortal = 4D45C82C271EC38700D136AF /* Project object */;
			proxyType = 1;
			remoteGlobalIDString = 4D45C833271EC38700D136AF;
			remoteInfo = ProximityTest;
		};
/* End PBXContainerItemProxy section */

/* Begin PBXFileReference section */
		15AF1C402316CA92C8EF0643 /* Pods_ProximityTest.framework */ = {isa = PBXFileReference; explicitFileType = wrapper.framework; includeInIndex = 0; path = Pods_ProximityTest.framework; sourceTree = BUILT_PRODUCTS_DIR; };
		4D2E378D271F0DC800069CBE /* AirQualityCityListCell.swift */ = {isa = PBXFileReference; lastKnownFileType = sourcecode.swift; path = AirQualityCityListCell.swift; sourceTree = "<group>"; };
		4D2E3792271F0E4B00069CBE /* AirQualityResposne.swift */ = {isa = PBXFileReference; lastKnownFileType = sourcecode.swift; path = AirQualityResposne.swift; sourceTree = "<group>"; };
		4D2E3797271F0E7400069CBE /* AirQualityModel.swift */ = {isa = PBXFileReference; lastKnownFileType = sourcecode.swift; path = AirQualityModel.swift; sourceTree = "<group>"; };
		4D2E379C271F0EB900069CBE /* CityModelData.swift */ = {isa = PBXFileReference; lastKnownFileType = sourcecode.swift; path = CityModelData.swift; sourceTree = "<group>"; };
		4D2E37A1271F101600069CBE /* AirQualityIndexType.swift */ = {isa = PBXFileReference; lastKnownFileType = sourcecode.swift; path = AirQualityIndexType.swift; sourceTree = "<group>"; };
		4D2E37A6271F108100069CBE /* AirQualityIndexColor.swift */ = {isa = PBXFileReference; lastKnownFileType = sourcecode.swift; path = AirQualityIndexColor.swift; sourceTree = "<group>"; };
		4D2E37AB271F10DA00069CBE /* ColorExtension.swift */ = {isa = PBXFileReference; lastKnownFileType = sourcecode.swift; path = ColorExtension.swift; sourceTree = "<group>"; };
		4D2E37B0271F146200069CBE /* Connection.swift */ = {isa = PBXFileReference; lastKnownFileType = sourcecode.swift; path = Connection.swift; sourceTree = "<group>"; };
		4D2E37B5271F14D800069CBE /* AirQualityIndexDataProvider.swift */ = {isa = PBXFileReference; lastKnownFileType = sourcecode.swift; path = AirQualityIndexDataProvider.swift; sourceTree = "<group>"; };
		4D2E37BA271F162A00069CBE /* AirQualityIndexListViewModel.swift */ = {isa = PBXFileReference; lastKnownFileType = sourcecode.swift; path = AirQualityIndexListViewModel.swift; sourceTree = "<group>"; };
		4D45C834271EC38700D136AF /* ProximityTest.app */ = {isa = PBXFileReference; explicitFileType = wrapper.application; includeInIndex = 0; path = ProximityTest.app; sourceTree = BUILT_PRODUCTS_DIR; };
		4D45C837271EC38700D136AF /* AppDelegate.swift */ = {isa = PBXFileReference; lastKnownFileType = sourcecode.swift; path = AppDelegate.swift; sourceTree = "<group>"; };
		4D45C839271EC38700D136AF /* SceneDelegate.swift */ = {isa = PBXFileReference; lastKnownFileType = sourcecode.swift; path = SceneDelegate.swift; sourceTree = "<group>"; };
		4D45C83B271EC38700D136AF /* AirQualityCityListVC.swift */ = {isa = PBXFileReference; lastKnownFileType = sourcecode.swift; path = AirQualityCityListVC.swift; sourceTree = "<group>"; };
		4D45C83E271EC38700D136AF /* Base */ = {isa = PBXFileReference; lastKnownFileType = file.storyboard; name = Base; path = Base.lproj/Main.storyboard; sourceTree = "<group>"; };
		4D45C840271EC3A000D136AF /* Assets.xcassets */ = {isa = PBXFileReference; lastKnownFileType = folder.assetcatalog; path = Assets.xcassets; sourceTree = "<group>"; };
		4D45C843271EC3A000D136AF /* Base */ = {isa = PBXFileReference; lastKnownFileType = file.storyboard; name = Base; path = Base.lproj/LaunchScreen.storyboard; sourceTree = "<group>"; };
		4D45C845271EC3A000D136AF /* Info.plist */ = {isa = PBXFileReference; lastKnownFileType = text.plist.xml; path = Info.plist; sourceTree = "<group>"; };
		4D45C84A271EC3A000D136AF /* ProximityTestTests.xctest */ = {isa = PBXFileReference; explicitFileType = wrapper.cfbundle; includeInIndex = 0; path = ProximityTestTests.xctest; sourceTree = BUILT_PRODUCTS_DIR; };
		4D45C84E271EC3A000D136AF /* ProximityTestTests.swift */ = {isa = PBXFileReference; lastKnownFileType = sourcecode.swift; path = ProximityTestTests.swift; sourceTree = "<group>"; };
		4D45C850271EC3A000D136AF /* Info.plist */ = {isa = PBXFileReference; lastKnownFileType = text.plist.xml; path = Info.plist; sourceTree = "<group>"; };
		4D45C855271EC3A000D136AF /* ProximityTestUITests.xctest */ = {isa = PBXFileReference; explicitFileType = wrapper.cfbundle; includeInIndex = 0; path = ProximityTestUITests.xctest; sourceTree = BUILT_PRODUCTS_DIR; };
		4D45C859271EC3A000D136AF /* ProximityTestUITests.swift */ = {isa = PBXFileReference; lastKnownFileType = sourcecode.swift; path = ProximityTestUITests.swift; sourceTree = "<group>"; };
		4D45C85B271EC3A000D136AF /* Info.plist */ = {isa = PBXFileReference; lastKnownFileType = text.plist.xml; path = Info.plist; sourceTree = "<group>"; };
		4DBFD20E271F367E0046CBF3 /* DateExtension.swift */ = {isa = PBXFileReference; lastKnownFileType = sourcecode.swift; path = DateExtension.swift; sourceTree = "<group>"; };
		4DBFD213271F3A170046CBF3 /* AirQualityIndexGraphVC.swift */ = {isa = PBXFileReference; lastKnownFileType = sourcecode.swift; path = AirQualityIndexGraphVC.swift; sourceTree = "<group>"; };
		4DBFD218271F3A7D0046CBF3 /* AirQualityIndexListDetailViewModel.swift */ = {isa = PBXFileReference; lastKnownFileType = sourcecode.swift; path = AirQualityIndexListDetailViewModel.swift; sourceTree = "<group>"; };
		844994FFC12D13DE932F1133 /* Pods-ProximityTestTests.release.xcconfig */ = {isa = PBXFileReference; includeInIndex = 1; lastKnownFileType = text.xcconfig; name = "Pods-ProximityTestTests.release.xcconfig"; path = "Target Support Files/Pods-ProximityTestTests/Pods-ProximityTestTests.release.xcconfig"; sourceTree = "<group>"; };
		904FD8F57F59E70156990ABD /* Pods_ProximityTestTests.framework */ = {isa = PBXFileReference; explicitFileType = wrapper.framework; includeInIndex = 0; path = Pods_ProximityTestTests.framework; sourceTree = BUILT_PRODUCTS_DIR; };
		9C431A5DA9FD19188C9BA1D3 /* Pods-ProximityTest-ProximityTestUITests.debug.xcconfig */ = {isa = PBXFileReference; includeInIndex = 1; lastKnownFileType = text.xcconfig; name = "Pods-ProximityTest-ProximityTestUITests.debug.xcconfig"; path = "Target Support Files/Pods-ProximityTest-ProximityTestUITests/Pods-ProximityTest-ProximityTestUITests.debug.xcconfig"; sourceTree = "<group>"; };
		AA3A1283C48F3071BCE0F45A /* Pods-ProximityTest-ProximityTestUITests.release.xcconfig */ = {isa = PBXFileReference; includeInIndex = 1; lastKnownFileType = text.xcconfig; name = "Pods-ProximityTest-ProximityTestUITests.release.xcconfig"; path = "Target Support Files/Pods-ProximityTest-ProximityTestUITests/Pods-ProximityTest-ProximityTestUITests.release.xcconfig"; sourceTree = "<group>"; };
		ABEC35DFCD2B430D4E57BEF9 /* Pods-ProximityTestTests.debug.xcconfig */ = {isa = PBXFileReference; includeInIndex = 1; lastKnownFileType = text.xcconfig; name = "Pods-ProximityTestTests.debug.xcconfig"; path = "Target Support Files/Pods-ProximityTestTests/Pods-ProximityTestTests.debug.xcconfig"; sourceTree = "<group>"; };
		DEDF21EF5C25CA2C8620947A /* Pods_ProximityTest_ProximityTestUITests.framework */ = {isa = PBXFileReference; explicitFileType = wrapper.framework; includeInIndex = 0; path = Pods_ProximityTest_ProximityTestUITests.framework; sourceTree = BUILT_PRODUCTS_DIR; };
		FE9461F8EE7E8C69DC90D675 /* Pods-ProximityTest.debug.xcconfig */ = {isa = PBXFileReference; includeInIndex = 1; lastKnownFileType = text.xcconfig; name = "Pods-ProximityTest.debug.xcconfig"; path = "Target Support Files/Pods-ProximityTest/Pods-ProximityTest.debug.xcconfig"; sourceTree = "<group>"; };
		FFB77C4587CF32760EDD91E7 /* Pods-ProximityTest.release.xcconfig */ = {isa = PBXFileReference; includeInIndex = 1; lastKnownFileType = text.xcconfig; name = "Pods-ProximityTest.release.xcconfig"; path = "Target Support Files/Pods-ProximityTest/Pods-ProximityTest.release.xcconfig"; sourceTree = "<group>"; };
/* End PBXFileReference section */

/* Begin PBXFrameworksBuildPhase section */
		4D45C831271EC38700D136AF /* Frameworks */ = {
			isa = PBXFrameworksBuildPhase;
			buildActionMask = 2147483647;
			files = (
				A07CA3E61D0A89898B183A24 /* Pods_ProximityTest.framework in Frameworks */,
			);
			runOnlyForDeploymentPostprocessing = 0;
		};
		4D45C847271EC3A000D136AF /* Frameworks */ = {
			isa = PBXFrameworksBuildPhase;
			buildActionMask = 2147483647;
			files = (
				0CC1784351B4C1AF5792634C /* Pods_ProximityTestTests.framework in Frameworks */,
			);
			runOnlyForDeploymentPostprocessing = 0;
		};
		4D45C852271EC3A000D136AF /* Frameworks */ = {
			isa = PBXFrameworksBuildPhase;
			buildActionMask = 2147483647;
			files = (
				9F24A07BBA955004A6FDF648 /* Pods_ProximityTest_ProximityTestUITests.framework in Frameworks */,
			);
			runOnlyForDeploymentPostprocessing = 0;
		};
/* End PBXFrameworksBuildPhase section */

/* Begin PBXGroup section */
		4D2E376A271EFF9400069CBE /* ViewControllers */ = {
			isa = PBXGroup;
			children = (
				4D45C83B271EC38700D136AF /* AirQualityCityListVC.swift */,
				4DBFD213271F3A170046CBF3 /* AirQualityIndexGraphVC.swift */,
			);
			path = ViewControllers;
			sourceTree = "<group>";
		};
		4D45C82B271EC38700D136AF = {
			isa = PBXGroup;
			children = (
				4D45C836271EC38700D136AF /* ProximityTest */,
				4D45C84D271EC3A000D136AF /* ProximityTestTests */,
				4D45C858271EC3A000D136AF /* ProximityTestUITests */,
				4D45C835271EC38700D136AF /* Products */,
				79B3D26FAFAAF1E29E609526 /* Pods */,
				C4779CB250B3CF93BCB60F8A /* Frameworks */,
			);
			sourceTree = "<group>";
		};
		4D45C835271EC38700D136AF /* Products */ = {
			isa = PBXGroup;
			children = (
				4D45C834271EC38700D136AF /* ProximityTest.app */,
				4D45C84A271EC3A000D136AF /* ProximityTestTests.xctest */,
				4D45C855271EC3A000D136AF /* ProximityTestUITests.xctest */,
			);
			name = Products;
			sourceTree = "<group>";
		};
		4D45C836271EC38700D136AF /* ProximityTest */ = {
			isa = PBXGroup;
			children = (
				4D45C837271EC38700D136AF /* AppDelegate.swift */,
				4D45C839271EC38700D136AF /* SceneDelegate.swift */,
				4D45C86D271EC61C00D136AF /* Utilities */,
				4D45C86C271EC60300D136AF /* Models */,
				4D45C86B271EC5F900D136AF /* Views */,
				4D45C86A271EC5D300D136AF /* ViewModels */,
				4D2E376A271EFF9400069CBE /* ViewControllers */,
				4D45C83D271EC38700D136AF /* Main.storyboard */,
				4D45C840271EC3A000D136AF /* Assets.xcassets */,
				4D45C842271EC3A000D136AF /* LaunchScreen.storyboard */,
				4D45C845271EC3A000D136AF /* Info.plist */,
			);
			path = ProximityTest;
			sourceTree = "<group>";
		};
		4D45C84D271EC3A000D136AF /* ProximityTestTests */ = {
			isa = PBXGroup;
			children = (
				4D45C84E271EC3A000D136AF /* ProximityTestTests.swift */,
				4D45C850271EC3A000D136AF /* Info.plist */,
			);
			path = ProximityTestTests;
			sourceTree = "<group>";
		};
		4D45C858271EC3A000D136AF /* ProximityTestUITests */ = {
			isa = PBXGroup;
			children = (
				4D45C859271EC3A000D136AF /* ProximityTestUITests.swift */,
				4D45C85B271EC3A000D136AF /* Info.plist */,
			);
			path = ProximityTestUITests;
			sourceTree = "<group>";
		};
		4D45C86A271EC5D300D136AF /* ViewModels */ = {
			isa = PBXGroup;
			children = (
				4D2E37B5271F14D800069CBE /* AirQualityIndexDataProvider.swift */,
				4D2E37BA271F162A00069CBE /* AirQualityIndexListViewModel.swift */,
				4DBFD218271F3A7D0046CBF3 /* AirQualityIndexListDetailViewModel.swift */,
			);
			path = ViewModels;
			sourceTree = "<group>";
		};
		4D45C86B271EC5F900D136AF /* Views */ = {
			isa = PBXGroup;
			children = (
				4D2E378D271F0DC800069CBE /* AirQualityCityListCell.swift */,
			);
			path = Views;
			sourceTree = "<group>";
		};
		4D45C86C271EC60300D136AF /* Models */ = {
			isa = PBXGroup;
			children = (
				4D2E3792271F0E4B00069CBE /* AirQualityResposne.swift */,
				4D2E379C271F0EB900069CBE /* CityModelData.swift */,
				4D2E3797271F0E7400069CBE /* AirQualityModel.swift */,
			);
			path = Models;
			sourceTree = "<group>";
		};
		4D45C86D271EC61C00D136AF /* Utilities */ = {
			isa = PBXGroup;
			children = (
				4D2E37A1271F101600069CBE /* AirQualityIndexType.swift */,
				4D2E37A6271F108100069CBE /* AirQualityIndexColor.swift */,
				4D2E37AB271F10DA00069CBE /* ColorExtension.swift */,
				4D2E37B0271F146200069CBE /* Connection.swift */,
				4DBFD20E271F367E0046CBF3 /* DateExtension.swift */,
			);
			path = Utilities;
			sourceTree = "<group>";
		};
		79B3D26FAFAAF1E29E609526 /* Pods */ = {
			isa = PBXGroup;
			children = (
				FE9461F8EE7E8C69DC90D675 /* Pods-ProximityTest.debug.xcconfig */,
				FFB77C4587CF32760EDD91E7 /* Pods-ProximityTest.release.xcconfig */,
				9C431A5DA9FD19188C9BA1D3 /* Pods-ProximityTest-ProximityTestUITests.debug.xcconfig */,
				AA3A1283C48F3071BCE0F45A /* Pods-ProximityTest-ProximityTestUITests.release.xcconfig */,
				ABEC35DFCD2B430D4E57BEF9 /* Pods-ProximityTestTests.debug.xcconfig */,
				844994FFC12D13DE932F1133 /* Pods-ProximityTestTests.release.xcconfig */,
			);
			path = Pods;
			sourceTree = "<group>";
		};
		C4779CB250B3CF93BCB60F8A /* Frameworks */ = {
			isa = PBXGroup;
			children = (
				15AF1C402316CA92C8EF0643 /* Pods_ProximityTest.framework */,
				DEDF21EF5C25CA2C8620947A /* Pods_ProximityTest_ProximityTestUITests.framework */,
				904FD8F57F59E70156990ABD /* Pods_ProximityTestTests.framework */,
			);
			name = Frameworks;
			sourceTree = "<group>";
		};
/* End PBXGroup section */

/* Begin PBXNativeTarget section */
		4D45C833271EC38700D136AF /* ProximityTest */ = {
			isa = PBXNativeTarget;
			buildConfigurationList = 4D45C85E271EC3A000D136AF /* Build configuration list for PBXNativeTarget "ProximityTest" */;
			buildPhases = (
				57EB51C5ACF136F314FF49FA /* [CP] Check Pods Manifest.lock */,
				4D45C830271EC38700D136AF /* Sources */,
				4D45C831271EC38700D136AF /* Frameworks */,
				4D45C832271EC38700D136AF /* Resources */,
				936C77575CF27A8617F3020D /* [CP] Embed Pods Frameworks */,
			);
			buildRules = (
			);
			dependencies = (
			);
			name = ProximityTest;
			productName = ProximityTest;
			productReference = 4D45C834271EC38700D136AF /* ProximityTest.app */;
			productType = "com.apple.product-type.application";
		};
		4D45C849271EC3A000D136AF /* ProximityTestTests */ = {
			isa = PBXNativeTarget;
			buildConfigurationList = 4D45C861271EC3A000D136AF /* Build configuration list for PBXNativeTarget "ProximityTestTests" */;
			buildPhases = (
				1E228874A24DA202BCCD3079 /* [CP] Check Pods Manifest.lock */,
				4D45C846271EC3A000D136AF /* Sources */,
				4D45C847271EC3A000D136AF /* Frameworks */,
				4D45C848271EC3A000D136AF /* Resources */,
				E42723680321CCF1A7A74B45 /* [CP] Embed Pods Frameworks */,
			);
			buildRules = (
			);
			dependencies = (
				4D45C84C271EC3A000D136AF /* PBXTargetDependency */,
			);
			name = ProximityTestTests;
			productName = ProximityTestTests;
			productReference = 4D45C84A271EC3A000D136AF /* ProximityTestTests.xctest */;
			productType = "com.apple.product-type.bundle.unit-test";
		};
		4D45C854271EC3A000D136AF /* ProximityTestUITests */ = {
			isa = PBXNativeTarget;
			buildConfigurationList = 4D45C864271EC3A000D136AF /* Build configuration list for PBXNativeTarget "ProximityTestUITests" */;
			buildPhases = (
				8039DA1405640DD023FC471E /* [CP] Check Pods Manifest.lock */,
				4D45C851271EC3A000D136AF /* Sources */,
				4D45C852271EC3A000D136AF /* Frameworks */,
				4D45C853271EC3A000D136AF /* Resources */,
				8CE7CCC4C8EE0FF858877219 /* [CP] Embed Pods Frameworks */,
			);
			buildRules = (
			);
			dependencies = (
				4D45C857271EC3A000D136AF /* PBXTargetDependency */,
			);
			name = ProximityTestUITests;
			productName = ProximityTestUITests;
			productReference = 4D45C855271EC3A000D136AF /* ProximityTestUITests.xctest */;
			productType = "com.apple.product-type.bundle.ui-testing";
		};
/* End PBXNativeTarget section */

/* Begin PBXProject section */
		4D45C82C271EC38700D136AF /* Project object */ = {
			isa = PBXProject;
			attributes = {
				LastSwiftUpdateCheck = 1240;
				LastUpgradeCheck = 1240;
				TargetAttributes = {
					4D45C833271EC38700D136AF = {
						CreatedOnToolsVersion = 12.4;
					};
					4D45C849271EC3A000D136AF = {
						CreatedOnToolsVersion = 12.4;
						TestTargetID = 4D45C833271EC38700D136AF;
					};
					4D45C854271EC3A000D136AF = {
						CreatedOnToolsVersion = 12.4;
						TestTargetID = 4D45C833271EC38700D136AF;
					};
				};
			};
			buildConfigurationList = 4D45C82F271EC38700D136AF /* Build configuration list for PBXProject "ProximityTest" */;
			compatibilityVersion = "Xcode 9.3";
			developmentRegion = en;
			hasScannedForEncodings = 0;
			knownRegions = (
				en,
				Base,
			);
			mainGroup = 4D45C82B271EC38700D136AF;
			productRefGroup = 4D45C835271EC38700D136AF /* Products */;
			projectDirPath = "";
			projectRoot = "";
			targets = (
				4D45C833271EC38700D136AF /* ProximityTest */,
				4D45C849271EC3A000D136AF /* ProximityTestTests */,
				4D45C854271EC3A000D136AF /* ProximityTestUITests */,
			);
		};
/* End PBXProject section */

/* Begin PBXResourcesBuildPhase section */
		4D45C832271EC38700D136AF /* Resources */ = {
			isa = PBXResourcesBuildPhase;
			buildActionMask = 2147483647;
			files = (
				4D45C844271EC3A000D136AF /* LaunchScreen.storyboard in Resources */,
				4D45C841271EC3A000D136AF /* Assets.xcassets in Resources */,
				4D45C83F271EC38700D136AF /* Main.storyboard in Resources */,
			);
			runOnlyForDeploymentPostprocessing = 0;
		};
		4D45C848271EC3A000D136AF /* Resources */ = {
			isa = PBXResourcesBuildPhase;
			buildActionMask = 2147483647;
			files = (
			);
			runOnlyForDeploymentPostprocessing = 0;
		};
		4D45C853271EC3A000D136AF /* Resources */ = {
			isa = PBXResourcesBuildPhase;
			buildActionMask = 2147483647;
			files = (
			);
			runOnlyForDeploymentPostprocessing = 0;
		};
/* End PBXResourcesBuildPhase section */

/* Begin PBXShellScriptBuildPhase section */
		1E228874A24DA202BCCD3079 /* [CP] Check Pods Manifest.lock */ = {
			isa = PBXShellScriptBuildPhase;
			buildActionMask = 2147483647;
			files = (
			);
			inputFileListPaths = (
			);
			inputPaths = (
				"${PODS_PODFILE_DIR_PATH}/Podfile.lock",
				"${PODS_ROOT}/Manifest.lock",
			);
			name = "[CP] Check Pods Manifest.lock";
			outputFileListPaths = (
			);
			outputPaths = (
				"$(DERIVED_FILE_DIR)/Pods-ProximityTestTests-checkManifestLockResult.txt",
			);
			runOnlyForDeploymentPostprocessing = 0;
			shellPath = /bin/sh;
			shellScript = "diff \"${PODS_PODFILE_DIR_PATH}/Podfile.lock\" \"${PODS_ROOT}/Manifest.lock\" > /dev/null\nif [ $? != 0 ] ; then\n    # print error to STDERR\n    echo \"error: The sandbox is not in sync with the Podfile.lock. Run 'pod install' or update your CocoaPods installation.\" >&2\n    exit 1\nfi\n# This output is used by Xcode 'outputs' to avoid re-running this script phase.\necho \"SUCCESS\" > \"${SCRIPT_OUTPUT_FILE_0}\"\n";
			showEnvVarsInLog = 0;
		};
		57EB51C5ACF136F314FF49FA /* [CP] Check Pods Manifest.lock */ = {
			isa = PBXShellScriptBuildPhase;
			buildActionMask = 2147483647;
			files = (
			);
			inputFileListPaths = (
			);
			inputPaths = (
				"${PODS_PODFILE_DIR_PATH}/Podfile.lock",
				"${PODS_ROOT}/Manifest.lock",
			);
			name = "[CP] Check Pods Manifest.lock";
			outputFileListPaths = (
			);
			outputPaths = (
				"$(DERIVED_FILE_DIR)/Pods-ProximityTest-checkManifestLockResult.txt",
			);
			runOnlyForDeploymentPostprocessing = 0;
			shellPath = /bin/sh;
			shellScript = "diff \"${PODS_PODFILE_DIR_PATH}/Podfile.lock\" \"${PODS_ROOT}/Manifest.lock\" > /dev/null\nif [ $? != 0 ] ; then\n    # print error to STDERR\n    echo \"error: The sandbox is not in sync with the Podfile.lock. Run 'pod install' or update your CocoaPods installation.\" >&2\n    exit 1\nfi\n# This output is used by Xcode 'outputs' to avoid re-running this script phase.\necho \"SUCCESS\" > \"${SCRIPT_OUTPUT_FILE_0}\"\n";
			showEnvVarsInLog = 0;
		};
		8039DA1405640DD023FC471E /* [CP] Check Pods Manifest.lock */ = {
			isa = PBXShellScriptBuildPhase;
			buildActionMask = 2147483647;
			files = (
			);
			inputFileListPaths = (
			);
			inputPaths = (
				"${PODS_PODFILE_DIR_PATH}/Podfile.lock",
				"${PODS_ROOT}/Manifest.lock",
			);
			name = "[CP] Check Pods Manifest.lock";
			outputFileListPaths = (
			);
			outputPaths = (
				"$(DERIVED_FILE_DIR)/Pods-ProximityTest-ProximityTestUITests-checkManifestLockResult.txt",
			);
			runOnlyForDeploymentPostprocessing = 0;
			shellPath = /bin/sh;
			shellScript = "diff \"${PODS_PODFILE_DIR_PATH}/Podfile.lock\" \"${PODS_ROOT}/Manifest.lock\" > /dev/null\nif [ $? != 0 ] ; then\n    # print error to STDERR\n    echo \"error: The sandbox is not in sync with the Podfile.lock. Run 'pod install' or update your CocoaPods installation.\" >&2\n    exit 1\nfi\n# This output is used by Xcode 'outputs' to avoid re-running this script phase.\necho \"SUCCESS\" > \"${SCRIPT_OUTPUT_FILE_0}\"\n";
			showEnvVarsInLog = 0;
		};
		8CE7CCC4C8EE0FF858877219 /* [CP] Embed Pods Frameworks */ = {
			isa = PBXShellScriptBuildPhase;
			buildActionMask = 2147483647;
			files = (
			);
			inputFileListPaths = (
				"${PODS_ROOT}/Target Support Files/Pods-ProximityTest-ProximityTestUITests/Pods-ProximityTest-ProximityTestUITests-frameworks-${CONFIGURATION}-input-files.xcfilelist",
			);
			name = "[CP] Embed Pods Frameworks";
			outputFileListPaths = (
				"${PODS_ROOT}/Target Support Files/Pods-ProximityTest-ProximityTestUITests/Pods-ProximityTest-ProximityTestUITests-frameworks-${CONFIGURATION}-output-files.xcfilelist",
			);
			runOnlyForDeploymentPostprocessing = 0;
			shellPath = /bin/sh;
			shellScript = "\"${PODS_ROOT}/Target Support Files/Pods-ProximityTest-ProximityTestUITests/Pods-ProximityTest-ProximityTestUITests-frameworks.sh\"\n";
			showEnvVarsInLog = 0;
		};
		936C77575CF27A8617F3020D /* [CP] Embed Pods Frameworks */ = {
			isa = PBXShellScriptBuildPhase;
			buildActionMask = 2147483647;
			files = (
			);
			inputFileListPaths = (
				"${PODS_ROOT}/Target Support Files/Pods-ProximityTest/Pods-ProximityTest-frameworks-${CONFIGURATION}-input-files.xcfilelist",
			);
			name = "[CP] Embed Pods Frameworks";
			outputFileListPaths = (
				"${PODS_ROOT}/Target Support Files/Pods-ProximityTest/Pods-ProximityTest-frameworks-${CONFIGURATION}-output-files.xcfilelist",
			);
			runOnlyForDeploymentPostprocessing = 0;
			shellPath = /bin/sh;
			shellScript = "\"${PODS_ROOT}/Target Support Files/Pods-ProximityTest/Pods-ProximityTest-frameworks.sh\"\n";
			showEnvVarsInLog = 0;
		};
		E42723680321CCF1A7A74B45 /* [CP] Embed Pods Frameworks */ = {
			isa = PBXShellScriptBuildPhase;
			buildActionMask = 2147483647;
			files = (
			);
			inputFileListPaths = (
				"${PODS_ROOT}/Target Support Files/Pods-ProximityTestTests/Pods-ProximityTestTests-frameworks-${CONFIGURATION}-input-files.xcfilelist",
			);
			name = "[CP] Embed Pods Frameworks";
			outputFileListPaths = (
				"${PODS_ROOT}/Target Support Files/Pods-ProximityTestTests/Pods-ProximityTestTests-frameworks-${CONFIGURATION}-output-files.xcfilelist",
			);
			runOnlyForDeploymentPostprocessing = 0;
			shellPath = /bin/sh;
			shellScript = "\"${PODS_ROOT}/Target Support Files/Pods-ProximityTestTests/Pods-ProximityTestTests-frameworks.sh\"\n";
			showEnvVarsInLog = 0;
		};
/* End PBXShellScriptBuildPhase section */

/* Begin PBXSourcesBuildPhase section */
		4D45C830271EC38700D136AF /* Sources */ = {
			isa = PBXSourcesBuildPhase;
			buildActionMask = 2147483647;
			files = (
				4D2E3798271F0E7400069CBE /* AirQualityModel.swift in Sources */,
				4DBFD20F271F367E0046CBF3 /* DateExtension.swift in Sources */,
				4D2E37B1271F146200069CBE /* Connection.swift in Sources */,
				4D2E37A7271F108100069CBE /* AirQualityIndexColor.swift in Sources */,
				4D45C83C271EC38700D136AF /* AirQualityCityListVC.swift in Sources */,
				4D2E379D271F0EB900069CBE /* CityModelData.swift in Sources */,
				4D2E37A2271F101600069CBE /* AirQualityIndexType.swift in Sources */,
				4D2E37B6271F14D800069CBE /* AirQualityIndexDataProvider.swift in Sources */,
				4DBFD214271F3A170046CBF3 /* AirQualityIndexGraphVC.swift in Sources */,
				4D2E378E271F0DC800069CBE /* AirQualityCityListCell.swift in Sources */,
				4D45C838271EC38700D136AF /* AppDelegate.swift in Sources */,
				4DBFD219271F3A7D0046CBF3 /* AirQualityIndexListDetailViewModel.swift in Sources */,
				4D2E3793271F0E4B00069CBE /* AirQualityResposne.swift in Sources */,
				4D2E37BB271F162A00069CBE /* AirQualityIndexListViewModel.swift in Sources */,
				4D45C83A271EC38700D136AF /* SceneDelegate.swift in Sources */,
				4D2E37AC271F10DA00069CBE /* ColorExtension.swift in Sources */,
			);
			runOnlyForDeploymentPostprocessing = 0;
		};
		4D45C846271EC3A000D136AF /* Sources */ = {
			isa = PBXSourcesBuildPhase;
			buildActionMask = 2147483647;
			files = (
				4D45C84F271EC3A000D136AF /* ProximityTestTests.swift in Sources */,
			);
			runOnlyForDeploymentPostprocessing = 0;
		};
		4D45C851271EC3A000D136AF /* Sources */ = {
			isa = PBXSourcesBuildPhase;
			buildActionMask = 2147483647;
			files = (
				4D45C85A271EC3A000D136AF /* ProximityTestUITests.swift in Sources */,
			);
			runOnlyForDeploymentPostprocessing = 0;
		};
/* End PBXSourcesBuildPhase section */

/* Begin PBXTargetDependency section */
		4D45C84C271EC3A000D136AF /* PBXTargetDependency */ = {
			isa = PBXTargetDependency;
			target = 4D45C833271EC38700D136AF /* ProximityTest */;
			targetProxy = 4D45C84B271EC3A000D136AF /* PBXContainerItemProxy */;
		};
		4D45C857271EC3A000D136AF /* PBXTargetDependency */ = {
			isa = PBXTargetDependency;
			target = 4D45C833271EC38700D136AF /* ProximityTest */;
			targetProxy = 4D45C856271EC3A000D136AF /* PBXContainerItemProxy */;
		};
/* End PBXTargetDependency section */

/* Begin PBXVariantGroup section */
		4D45C83D271EC38700D136AF /* Main.storyboard */ = {
			isa = PBXVariantGroup;
			children = (
				4D45C83E271EC38700D136AF /* Base */,
			);
			name = Main.storyboard;
			sourceTree = "<group>";
		};
		4D45C842271EC3A000D136AF /* LaunchScreen.storyboard */ = {
			isa = PBXVariantGroup;
			children = (
				4D45C843271EC3A000D136AF /* Base */,
			);
			name = LaunchScreen.storyboard;
			sourceTree = "<group>";
		};
/* End PBXVariantGroup section */

/* Begin XCBuildConfiguration section */
		4D45C85C271EC3A000D136AF /* Debug */ = {
			isa = XCBuildConfiguration;
			buildSettings = {
				ALWAYS_SEARCH_USER_PATHS = NO;
				CLANG_ANALYZER_NONNULL = YES;
				CLANG_ANALYZER_NUMBER_OBJECT_CONVERSION = YES_AGGRESSIVE;
				CLANG_CXX_LANGUAGE_STANDARD = "gnu++14";
				CLANG_CXX_LIBRARY = "libc++";
				CLANG_ENABLE_MODULES = YES;
				CLANG_ENABLE_OBJC_ARC = YES;
				CLANG_ENABLE_OBJC_WEAK = YES;
				CLANG_WARN_BLOCK_CAPTURE_AUTORELEASING = YES;
				CLANG_WARN_BOOL_CONVERSION = YES;
				CLANG_WARN_COMMA = YES;
				CLANG_WARN_CONSTANT_CONVERSION = YES;
				CLANG_WARN_DEPRECATED_OBJC_IMPLEMENTATIONS = YES;
				CLANG_WARN_DIRECT_OBJC_ISA_USAGE = YES_ERROR;
				CLANG_WARN_DOCUMENTATION_COMMENTS = YES;
				CLANG_WARN_EMPTY_BODY = YES;
				CLANG_WARN_ENUM_CONVERSION = YES;
				CLANG_WARN_INFINITE_RECURSION = YES;
				CLANG_WARN_INT_CONVERSION = YES;
				CLANG_WARN_NON_LITERAL_NULL_CONVERSION = YES;
				CLANG_WARN_OBJC_IMPLICIT_RETAIN_SELF = YES;
				CLANG_WARN_OBJC_LITERAL_CONVERSION = YES;
				CLANG_WARN_OBJC_ROOT_CLASS = YES_ERROR;
				CLANG_WARN_QUOTED_INCLUDE_IN_FRAMEWORK_HEADER = YES;
				CLANG_WARN_RANGE_LOOP_ANALYSIS = YES;
				CLANG_WARN_STRICT_PROTOTYPES = YES;
				CLANG_WARN_SUSPICIOUS_MOVE = YES;
				CLANG_WARN_UNGUARDED_AVAILABILITY = YES_AGGRESSIVE;
				CLANG_WARN_UNREACHABLE_CODE = YES;
				CLANG_WARN__DUPLICATE_METHOD_MATCH = YES;
				COPY_PHASE_STRIP = NO;
				DEBUG_INFORMATION_FORMAT = dwarf;
				ENABLE_STRICT_OBJC_MSGSEND = YES;
				ENABLE_TESTABILITY = YES;
				GCC_C_LANGUAGE_STANDARD = gnu11;
				GCC_DYNAMIC_NO_PIC = NO;
				GCC_NO_COMMON_BLOCKS = YES;
				GCC_OPTIMIZATION_LEVEL = 0;
				GCC_PREPROCESSOR_DEFINITIONS = (
					"DEBUG=1",
					"$(inherited)",
				);
				GCC_WARN_64_TO_32_BIT_CONVERSION = YES;
				GCC_WARN_ABOUT_RETURN_TYPE = YES_ERROR;
				GCC_WARN_UNDECLARED_SELECTOR = YES;
				GCC_WARN_UNINITIALIZED_AUTOS = YES_AGGRESSIVE;
				GCC_WARN_UNUSED_FUNCTION = YES;
				GCC_WARN_UNUSED_VARIABLE = YES;
				IPHONEOS_DEPLOYMENT_TARGET = 14.4;
				MTL_ENABLE_DEBUG_INFO = INCLUDE_SOURCE;
				MTL_FAST_MATH = YES;
				ONLY_ACTIVE_ARCH = YES;
				SDKROOT = iphoneos;
				SWIFT_ACTIVE_COMPILATION_CONDITIONS = DEBUG;
				SWIFT_OPTIMIZATION_LEVEL = "-Onone";
			};
			name = Debug;
		};
		4D45C85D271EC3A000D136AF /* Release */ = {
			isa = XCBuildConfiguration;
			buildSettings = {
				ALWAYS_SEARCH_USER_PATHS = NO;
				CLANG_ANALYZER_NONNULL = YES;
				CLANG_ANALYZER_NUMBER_OBJECT_CONVERSION = YES_AGGRESSIVE;
				CLANG_CXX_LANGUAGE_STANDARD = "gnu++14";
				CLANG_CXX_LIBRARY = "libc++";
				CLANG_ENABLE_MODULES = YES;
				CLANG_ENABLE_OBJC_ARC = YES;
				CLANG_ENABLE_OBJC_WEAK = YES;
				CLANG_WARN_BLOCK_CAPTURE_AUTORELEASING = YES;
				CLANG_WARN_BOOL_CONVERSION = YES;
				CLANG_WARN_COMMA = YES;
				CLANG_WARN_CONSTANT_CONVERSION = YES;
				CLANG_WARN_DEPRECATED_OBJC_IMPLEMENTATIONS = YES;
				CLANG_WARN_DIRECT_OBJC_ISA_USAGE = YES_ERROR;
				CLANG_WARN_DOCUMENTATION_COMMENTS = YES;
				CLANG_WARN_EMPTY_BODY = YES;
				CLANG_WARN_ENUM_CONVERSION = YES;
				CLANG_WARN_INFINITE_RECURSION = YES;
				CLANG_WARN_INT_CONVERSION = YES;
				CLANG_WARN_NON_LITERAL_NULL_CONVERSION = YES;
				CLANG_WARN_OBJC_IMPLICIT_RETAIN_SELF = YES;
				CLANG_WARN_OBJC_LITERAL_CONVERSION = YES;
				CLANG_WARN_OBJC_ROOT_CLASS = YES_ERROR;
				CLANG_WARN_QUOTED_INCLUDE_IN_FRAMEWORK_HEADER = YES;
				CLANG_WARN_RANGE_LOOP_ANALYSIS = YES;
				CLANG_WARN_STRICT_PROTOTYPES = YES;
				CLANG_WARN_SUSPICIOUS_MOVE = YES;
				CLANG_WARN_UNGUARDED_AVAILABILITY = YES_AGGRESSIVE;
				CLANG_WARN_UNREACHABLE_CODE = YES;
				CLANG_WARN__DUPLICATE_METHOD_MATCH = YES;
				COPY_PHASE_STRIP = NO;
				DEBUG_INFORMATION_FORMAT = "dwarf-with-dsym";
				ENABLE_NS_ASSERTIONS = NO;
				ENABLE_STRICT_OBJC_MSGSEND = YES;
				GCC_C_LANGUAGE_STANDARD = gnu11;
				GCC_NO_COMMON_BLOCKS = YES;
				GCC_WARN_64_TO_32_BIT_CONVERSION = YES;
				GCC_WARN_ABOUT_RETURN_TYPE = YES_ERROR;
				GCC_WARN_UNDECLARED_SELECTOR = YES;
				GCC_WARN_UNINITIALIZED_AUTOS = YES_AGGRESSIVE;
				GCC_WARN_UNUSED_FUNCTION = YES;
				GCC_WARN_UNUSED_VARIABLE = YES;
				IPHONEOS_DEPLOYMENT_TARGET = 14.4;
				MTL_ENABLE_DEBUG_INFO = NO;
				MTL_FAST_MATH = YES;
				SDKROOT = iphoneos;
				SWIFT_COMPILATION_MODE = wholemodule;
				SWIFT_OPTIMIZATION_LEVEL = "-O";
				VALIDATE_PRODUCT = YES;
			};
			name = Release;
		};
		4D45C85F271EC3A000D136AF /* Debug */ = {
			isa = XCBuildConfiguration;
			baseConfigurationReference = FE9461F8EE7E8C69DC90D675 /* Pods-ProximityTest.debug.xcconfig */;
			buildSettings = {
				ASSETCATALOG_COMPILER_APPICON_NAME = AppIcon;
				ASSETCATALOG_COMPILER_GLOBAL_ACCENT_COLOR_NAME = AccentColor;
				CODE_SIGN_STYLE = Automatic;
				DEVELOPMENT_TEAM = WMMDDS7636;
				INFOPLIST_FILE = ProximityTest/Info.plist;
				LD_RUNPATH_SEARCH_PATHS = (
					"$(inherited)",
					"@executable_path/Frameworks",
				);
				PRODUCT_BUNDLE_IDENTIFIER = AnujiOS.ProximityTest;
				PRODUCT_NAME = "$(TARGET_NAME)";
				SWIFT_VERSION = 5.0;
				TARGETED_DEVICE_FAMILY = "1,2";
			};
			name = Debug;
		};
		4D45C860271EC3A000D136AF /* Release */ = {
			isa = XCBuildConfiguration;
			baseConfigurationReference = FFB77C4587CF32760EDD91E7 /* Pods-ProximityTest.release.xcconfig */;
			buildSettings = {
				ASSETCATALOG_COMPILER_APPICON_NAME = AppIcon;
				ASSETCATALOG_COMPILER_GLOBAL_ACCENT_COLOR_NAME = AccentColor;
				CODE_SIGN_STYLE = Automatic;
				DEVELOPMENT_TEAM = WMMDDS7636;
				INFOPLIST_FILE = ProximityTest/Info.plist;
				LD_RUNPATH_SEARCH_PATHS = (
					"$(inherited)",
					"@executable_path/Frameworks",
				);
				PRODUCT_BUNDLE_IDENTIFIER = AnujiOS.ProximityTest;
				PRODUCT_NAME = "$(TARGET_NAME)";
				SWIFT_VERSION = 5.0;
				TARGETED_DEVICE_FAMILY = "1,2";
			};
			name = Release;
		};
		4D45C862271EC3A000D136AF /* Debug */ = {
			isa = XCBuildConfiguration;
			baseConfigurationReference = ABEC35DFCD2B430D4E57BEF9 /* Pods-ProximityTestTests.debug.xcconfig */;
			buildSettings = {
				ALWAYS_EMBED_SWIFT_STANDARD_LIBRARIES = YES;
				BUNDLE_LOADER = "$(TEST_HOST)";
				CODE_SIGN_STYLE = Automatic;
				DEVELOPMENT_TEAM = WMMDDS7636;
				INFOPLIST_FILE = ProximityTestTests/Info.plist;
				IPHONEOS_DEPLOYMENT_TARGET = 14.4;
				LD_RUNPATH_SEARCH_PATHS = (
					"$(inherited)",
					"@executable_path/Frameworks",
					"@loader_path/Frameworks",
				);
				PRODUCT_BUNDLE_IDENTIFIER = AnujiOS.ProximityTestTests;
				PRODUCT_NAME = "$(TARGET_NAME)";
				SWIFT_VERSION = 5.0;
				TARGETED_DEVICE_FAMILY = "1,2";
				TEST_HOST = "$(BUILT_PRODUCTS_DIR)/ProximityTest.app/ProximityTest";
			};
			name = Debug;
		};
		4D45C863271EC3A000D136AF /* Release */ = {
			isa = XCBuildConfiguration;
			baseConfigurationReference = 844994FFC12D13DE932F1133 /* Pods-ProximityTestTests.release.xcconfig */;
			buildSettings = {
				ALWAYS_EMBED_SWIFT_STANDARD_LIBRARIES = YES;
				BUNDLE_LOADER = "$(TEST_HOST)";
				CODE_SIGN_STYLE = Automatic;
				DEVELOPMENT_TEAM = WMMDDS7636;
				INFOPLIST_FILE = ProximityTestTests/Info.plist;
				IPHONEOS_DEPLOYMENT_TARGET = 14.4;
				LD_RUNPATH_SEARCH_PATHS = (
					"$(inherited)",
					"@executable_path/Frameworks",
					"@loader_path/Frameworks",
				);
				PRODUCT_BUNDLE_IDENTIFIER = AnujiOS.ProximityTestTests;
				PRODUCT_NAME = "$(TARGET_NAME)";
				SWIFT_VERSION = 5.0;
				TARGETED_DEVICE_FAMILY = "1,2";
				TEST_HOST = "$(BUILT_PRODUCTS_DIR)/ProximityTest.app/ProximityTest";
			};
			name = Release;
		};
		4D45C865271EC3A000D136AF /* Debug */ = {
			isa = XCBuildConfiguration;
			baseConfigurationReference = 9C431A5DA9FD19188C9BA1D3 /* Pods-ProximityTest-ProximityTestUITests.debug.xcconfig */;
			buildSettings = {
				ALWAYS_EMBED_SWIFT_STANDARD_LIBRARIES = YES;
				CODE_SIGN_STYLE = Automatic;
				DEVELOPMENT_TEAM = WMMDDS7636;
				INFOPLIST_FILE = ProximityTestUITests/Info.plist;
				LD_RUNPATH_SEARCH_PATHS = (
					"$(inherited)",
					"@executable_path/Frameworks",
					"@loader_path/Frameworks",
				);
				PRODUCT_BUNDLE_IDENTIFIER = AnujiOS.ProximityTestUITests;
				PRODUCT_NAME = "$(TARGET_NAME)";
				SWIFT_VERSION = 5.0;
				TARGETED_DEVICE_FAMILY = "1,2";
				TEST_TARGET_NAME = ProximityTest;
			};
			name = Debug;
		};
		4D45C866271EC3A000D136AF /* Release */ = {
			isa = XCBuildConfiguration;
			baseConfigurationReference = AA3A1283C48F3071BCE0F45A /* Pods-ProximityTest-ProximityTestUITests.release.xcconfig */;
			buildSettings = {
				ALWAYS_EMBED_SWIFT_STANDARD_LIBRARIES = YES;
				CODE_SIGN_STYLE = Automatic;
				DEVELOPMENT_TEAM = WMMDDS7636;
				INFOPLIST_FILE = ProximityTestUITests/Info.plist;
				LD_RUNPATH_SEARCH_PATHS = (
					"$(inherited)",
					"@executable_path/Frameworks",
					"@loader_path/Frameworks",
				);
				PRODUCT_BUNDLE_IDENTIFIER = AnujiOS.ProximityTestUITests;
				PRODUCT_NAME = "$(TARGET_NAME)";
				SWIFT_VERSION = 5.0;
				TARGETED_DEVICE_FAMILY = "1,2";
				TEST_TARGET_NAME = ProximityTest;
			};
			name = Release;
		};
/* End XCBuildConfiguration section */

/* Begin XCConfigurationList section */
		4D45C82F271EC38700D136AF /* Build configuration list for PBXProject "ProximityTest" */ = {
			isa = XCConfigurationList;
			buildConfigurations = (
				4D45C85C271EC3A000D136AF /* Debug */,
				4D45C85D271EC3A000D136AF /* Release */,
			);
			defaultConfigurationIsVisible = 0;
			defaultConfigurationName = Release;
		};
		4D45C85E271EC3A000D136AF /* Build configuration list for PBXNativeTarget "ProximityTest" */ = {
			isa = XCConfigurationList;
			buildConfigurations = (
				4D45C85F271EC3A000D136AF /* Debug */,
				4D45C860271EC3A000D136AF /* Release */,
			);
			defaultConfigurationIsVisible = 0;
			defaultConfigurationName = Release;
		};
		4D45C861271EC3A000D136AF /* Build configuration list for PBXNativeTarget "ProximityTestTests" */ = {
			isa = XCConfigurationList;
			buildConfigurations = (
				4D45C862271EC3A000D136AF /* Debug */,
				4D45C863271EC3A000D136AF /* Release */,
			);
			defaultConfigurationIsVisible = 0;
			defaultConfigurationName = Release;
		};
		4D45C864271EC3A000D136AF /* Build configuration list for PBXNativeTarget "ProximityTestUITests" */ = {
			isa = XCConfigurationList;
			buildConfigurations = (
				4D45C865271EC3A000D136AF /* Debug */,
				4D45C866271EC3A000D136AF /* Release */,
			);
			defaultConfigurationIsVisible = 0;
			defaultConfigurationName = Release;
		};
/* End XCConfigurationList section */
	};
	rootObject = 4D45C82C271EC38700D136AF /* Project object */;
}
